
Microsoft Visual Studio Solution File, Format Version 12.00
# Visual Studio Version 16
VisualStudioVersion = 16.0.34729.46
MinimumVisualStudioVersion = 10.0.40219.1
Project("{FAE04EC0-301F-11D3-BF4B-00C04F79EFBC}") = "NovoPDV", "NovoPDV\NovoPDV.csproj", "{66A3FD6E-71A4-486B-A475-4403B550AB1E}"
EndProject
Global
	GlobalSection(SolutionConfigurationPlatforms) = preSolution
		Debug|Any CPU = Debug|Any CPU
		Release|Any CPU = Release|Any CPU
	EndGlobalSection
	GlobalSection(ProjectConfigurationPlatforms) = postSolution
		{66A3FD6E-71A4-486B-A475-4403B550AB1E}.Debug|Any CPU.ActiveCfg = Debug|Any CPU
		{66A3FD6E-71A4-486B-A475-4403B550AB1E}.Debug|Any CPU.Build.0 = Debug|Any CPU
		{66A3FD6E-71A4-486B-A475-4403B550AB1E}.Release|Any CPU.ActiveCfg = Release|Any CPU
		{66A3FD6E-71A4-486B-A475-4403B550AB1E}.Release|Any CPU.Build.0 = Release|Any CPU
	EndGlobalSection
	GlobalSection(SolutionProperties) = preSolution
		HideSolutionNode = FALSE
	EndGlobalSection
	GlobalSection(ExtensibilityGlobals) = postSolution
		SolutionGuid = {CB6F682B-D643-4FC1-916A-D395566B1BED}
	EndGlobalSection
EndGlobal
